// !$*UTF8*$!
{
	archiveVersion = 1;
	classes = {
	};
	objectVersion = 46;
	objects = {

/* Begin PBXBuildFile section */
		09FED9E21CA4085000B89648 /* main.m in Sources */ = {isa = PBXBuildFile; fileRef = 09FED9E11CA4085000B89648 /* main.m */; };
		09FED9ED1CA4089200B89648 /* GraphicObject.m in Sources */ = {isa = PBXBuildFile; fileRef = 09FED9EC1CA4089200B89648 /* GraphicObject.m */; };
/* End PBXBuildFile section */

/* Begin PBXCopyFilesBuildPhase section */
		09FED9DC1CA4085000B89648 /* CopyFiles */ = {
			isa = PBXCopyFilesBuildPhase;
			buildActionMask = 2147483647;
			dstPath = /usr/share/man/man1/;
			dstSubfolderSpec = 0;
			files = (
			);
			runOnlyForDeploymentPostprocessing = 1;
		};
/* End PBXCopyFilesBuildPhase section */

/* Begin PBXFileReference section */
		09FED9DE1CA4085000B89648 /* GraphicObject */ = {isa = PBXFileReference; explicitFileType = "compiled.mach-o.executable"; includeInIndex = 0; path = GraphicObject; sourceTree = BUILT_PRODUCTS_DIR; };
		09FED9E11CA4085000B89648 /* main.m */ = {isa = PBXFileReference; lastKnownFileType = sourcecode.c.objc; path = main.m; sourceTree = "<group>"; };
		09FED9EB1CA4089200B89648 /* GraphicObject.h */ = {isa = PBXFileReference; fileEncoding = 4; lastKnownFileType = sourcecode.c.h; path = GraphicObject.h; sourceTree = "<group>"; };
		09FED9EC1CA4089200B89648 /* GraphicObject.m */ = {isa = PBXFileReference; fileEncoding = 4; lastKnownFileType = sourcecode.c.objc; path = GraphicObject.m; sourceTree = "<group>"; };
/* End PBXFileReference section */

/* Begin PBXFrameworksBuildPhase section */
		09FED9DB1CA4085000B89648 /* Frameworks */ = {
			isa = PBXFrameworksBuildPhase;
			buildActionMask = 2147483647;
			files = (
			);
			runOnlyForDeploymentPostprocessing = 0;
		};
/* End PBXFrameworksBuildPhase section */

/* Begin PBXGroup section */
		09FED9D51CA4085000B89648 = {
			isa = PBXGroup;
			children = (
				09FED9E01CA4085000B89648 /* GraphicObject */,
				09FED9DF1CA4085000B89648 /* Products */,
			);
			sourceTree = "<group>";
		};
		09FED9DF1CA4085000B89648 /* Products */ = {
			isa = PBXGroup;
			children = (
				09FED9DE1CA4085000B89648 /* GraphicObject */,
			);
			name = Products;
			sourceTree = "<group>";
		};
		09FED9E01CA4085000B89648 /* GraphicObject */ = {
			isa = PBXGroup;
			children = (
				09FED9E11CA4085000B89648 /* main.m */,
				09FED9EB1CA4089200B89648 /* GraphicObject.h */,
				09FED9EC1CA4089200B89648 /* GraphicObject.m */,
			);
			path = GraphicObject;
			sourceTree = "<group>";
		};
/* End PBXGroup section */

/* Begin PBXNativeTarget section */
		09FED9DD1CA4085000B89648 /* GraphicObject */ = {
			isa = PBXNativeTarget;
			buildConfigurationList = 09FED9E51CA4085000B89648 /* Build configuration list for PBXNativeTarget "GraphicObject" */;
			buildPhases = (
				09FED9DA1CA4085000B89648 /* Sources */,
				09FED9DB1CA4085000B89648 /* Frameworks */,
				09FED9DC1CA4085000B89648 /* CopyFiles */,
			);
			buildRules = (
			);
			dependencies = (
			);
			name = GraphicObject;
			productName = GraphicObject;
			productReference = 09FED9DE1CA4085000B89648 /* GraphicObject */;
			productType = "com.apple.product-type.tool";
		};
/* End PBXNativeTarget section */

/* Begin PBXProject section */
		09FED9D61CA4085000B89648 /* Project object */ = {
			isa = PBXProject;
			attributes = {
				LastUpgradeCheck = 0720;
				ORGANIZATIONNAME = "Ming-Han Chang";
				TargetAttributes = {
					09FED9DD1CA4085000B89648 = {
						CreatedOnToolsVersion = 7.2.1;
					};
				};
			};
			buildConfigurationList = 09FED9D91CA4085000B89648 /* Build configuration list for PBXProject "GraphicObject" */;
			compatibilityVersion = "Xcode 3.2";
			developmentRegion = English;
			hasScannedForEncodings = 0;
			knownRegions = (
				en,
			);
			mainGroup = 09FED9D51CA4085000B89648;
			productRefGroup = 09FED9DF1CA4085000B89648 /* Products */;
			projectDirPath = "";
			projectRoot = "";
			targets = (
				09FED9DD1CA4085000B89648 /* GraphicObject */,
			);
		};
/* End PBXProject section */

/* Begin PBXSourcesBuildPhase section */
		09FED9DA1CA4085000B89648 /* Sources */ = {
			isa = PBXSourcesBuildPhase;
			buildActionMask = 2147483647;
			files = (
				09FED9E21CA4085000B89648 /* main.m in Sources */,
				09FED9ED1CA4089200B89648 /* GraphicObject.m in Sources */,
			);
			runOnlyForDeploymentPostprocessing = 0;
		};
/* End PBXSourcesBuildPhase section */

/* Begin XCBuildConfiguration section */
		09FED9E31CA4085000B89648 /* Debug */ = {
			isa = XCBuildConfiguration;
			buildSettings = {
				ALWAYS_SEARCH_USER_PATHS = NO;
				CLANG_CXX_LANGUAGE_STANDARD = "gnu++0x";
				CLANG_CXX_LIBRARY = "libc++";
				CLANG_ENABLE_MODULES = YES;
				CLANG_ENABLE_OBJC_ARC = YES;
				CLANG_WARN_BOOL_CONVERSION = YES;
				CLANG_WARN_CONSTANT_CONVERSION = YES;
				CLANG_WARN_DIRECT_OBJC_ISA_USAGE = YES_ERROR;
				CLANG_WARN_EMPTY_BODY = YES;
				CLANG_WARN_ENUM_CONVERSION = YES;
				CLANG_WARN_INT_CONVERSION = YES;
				CLANG_WARN_OBJC_ROOT_CLASS = YES_ERROR;
				CLANG_WARN_UNREACHABLE_CODE = YES;
				CLANG_WARN__DUPLICATE_METHOD_MATCH = YES;
				CODE_SIGN_IDENTITY = "-";
				COPY_PHASE_STRIP = NO;
				DEBUG_INFORMATION_FORMAT = dwarf;
				ENABLE_STRICT_OBJC_MSGSEND = YES;
				ENABLE_TESTABILITY = YES;
				GCC_C_LANGUAGE_STANDARD = gnu99;
				GCC_DYNAMIC_NO_PIC = NO;
				GCC_NO_COMMON_BLOCKS = YES;
				GCC_OPTIMIZATION_LEVEL = 0;
				GCC_PREPROCESSOR_DEFINITIONS = (
					"DEBUG=1",
					"$(inherited)",
				);
				GCC_WARN_64_TO_32_BIT_CONVERSION = YES;
				GCC_WARN_ABOUT_RETURN_TYPE = YES_ERROR;
				GCC_WARN_UNDECLARED_SELECTOR = YES;
				GCC_WARN_UNINITIALIZED_AUTOS = YES_AGGRESSIVE;
				GCC_WARN_UNUSED_FUNCTION = YES;
				GCC_WARN_UNUSED_VARIABLE = YES;
				MACOSX_DEPLOYMENT_TARGET = 10.11;
				MTL_ENABLE_DEBUG_INFO = YES;
				ONLY_ACTIVE_ARCH = YES;
				SDKROOT = macosx;
			};
			name = Debug;
		};
		09FED9E41CA4085000B89648 /* Release */ = {
			isa = XCBuildConfiguration;
			buildSettings = {
				ALWAYS_SEARCH_USER_PATHS = NO;
				CLANG_CXX_LANGUAGE_STANDARD = "gnu++0x";
				CLANG_CXX_LIBRARY = "libc++";
				CLANG_ENABLE_MODULES = YES;
				CLANG_ENABLE_OBJC_ARC = YES;
				CLANG_WARN_BOOL_CONVERSION = YES;
				CLANG_WARN_CONSTANT_CONVERSION = YES;
				CLANG_WARN_DIRECT_OBJC_ISA_USAGE = YES_ERROR;
				CLANG_WARN_EMPTY_BODY = YES;
				CLANG_WARN_ENUM_CONVERSION = YES;
				CLANG_WARN_INT_CONVERSION = YES;
				CLANG_WARN_OBJC_ROOT_CLASS = YES_ERROR;
				CLANG_WARN_UNREACHABLE_CODE = YES;
				CLANG_WARN__DUPLICATE_METHOD_MATCH = YES;
				CODE_SIGN_IDENTITY = "-";
				COPY_PHASE_STRIP = NO;
				DEBUG_INFORMATION_FORMAT = "dwarf-with-dsym";
				ENABLE_NS_ASSERTIONS = NO;
				ENABLE_STRICT_OBJC_MSGSEND = YES;
				GCC_C_LANGUAGE_STANDARD = gnu99;
				GCC_NO_COMMON_BLOCKS = YES;
				GCC_WARN_64_TO_32_BIT_CONVERSION = YES;
				GCC_WARN_ABOUT_RETURN_TYPE = YES_ERROR;
				GCC_WARN_UNDECLARED_SELECTOR = YES;
				GCC_WARN_UNINITIALIZED_AUTOS = YES_AGGRESSIVE;
				GCC_WARN_UNUSED_FUNCTION = YES;
				GCC_WARN_UNUSED_VARIABLE = YES;
				MACOSX_DEPLOYMENT_TARGET = 10.11;
				MTL_ENABLE_DEBUG_INFO = NO;
				SDKROOT = macosx;
			};
			name = Release;
		};
		09FED9E61CA4085000B89648 /* Debug */ = {
			isa = XCBuildConfiguration;
			buildSettings = {
				PRODUCT_NAME = "$(TARGET_NAME)";
			};
			name = Debug;
		};
		09FED9E71CA4085000B89648 /* Release */ = {
			isa = XCBuildConfiguration;
			buildSettings = {
				PRODUCT_NAME = "$(TARGET_NAME)";
			};
			name = Release;
		};
/* End XCBuildConfiguration section */

/* Begin XCConfigurationList section */
		09FED9D91CA4085000B89648 /* Build configuration list for PBXProject "GraphicObject" */ = {
			isa = XCConfigurationList;
			buildConfigurations = (
				09FED9E31CA4085000B89648 /* Debug */,
				09FED9E41CA4085000B89648 /* Release */,
			);
			defaultConfigurationIsVisible = 0;
			defaultConfigurationName = Release;
		};
		09FED9E51CA4085000B89648 /* Build configuration list for PBXNativeTarget "GraphicObject" */ = {
			isa = XCConfigurationList;
			buildConfigurations = (
				09FED9E61CA4085000B89648 /* Debug */,
				09FED9E71CA4085000B89648 /* Release */,
			);
			defaultConfigurationIsVisible = 0;
			defaultConfigurationName = Release;
		};
/* End XCConfigurationList section */
	};
	rootObject = 09FED9D61CA4085000B89648 /* Project object */;
}
